
Microsoft Visual Studio Solution File, Format Version 12.00
# Visual Studio Version 16
VisualStudioVersion = 16.0.32106.194
MinimumVisualStudioVersion = 10.0.40219.1
Project("{FAE04EC0-301F-11D3-BF4B-00C04F79EFBC}") = "CrawlerContent", "CrawlerContent\CrawlerContent.csproj", "{E9CA8C63-6ACA-4C70-A466-0E418A96FF56}"
EndProject
Project("{FAE04EC0-301F-11D3-BF4B-00C04F79EFBC}") = "CrawlerURL", "CrawlerURL\CrawlerURL.csproj", "{7220B890-3789-4573-97FB-4C46CD703374}"
EndProject
Project("{FAE04EC0-301F-11D3-BF4B-00C04F79EFBC}") = "CrawlerDataProject", "CrawlerDataProject\CrawlerDataProject.csproj", "{CE170110-F582-41A0-AFDA-FCDD893A20FF}"
EndProject
Global
	GlobalSection(SolutionConfigurationPlatforms) = preSolution
		Debug|Any CPU = Debug|Any CPU
		Release|Any CPU = Release|Any CPU
	EndGlobalSection
	GlobalSection(ProjectConfigurationPlatforms) = postSolution
		{E9CA8C63-6ACA-4C70-A466-0E418A96FF56}.Debug|Any CPU.ActiveCfg = Debug|Any CPU
		{E9CA8C63-6ACA-4C70-A466-0E418A96FF56}.Debug|Any CPU.Build.0 = Debug|Any CPU
		{E9CA8C63-6ACA-4C70-A466-0E418A96FF56}.Release|Any CPU.ActiveCfg = Release|Any CPU
		{E9CA8C63-6ACA-4C70-A466-0E418A96FF56}.Release|Any CPU.Build.0 = Release|Any CPU
		{7220B890-3789-4573-97FB-4C46CD703374}.Debug|Any CPU.ActiveCfg = Debug|Any CPU
		{7220B890-3789-4573-97FB-4C46CD703374}.Debug|Any CPU.Build.0 = Debug|Any CPU
		{7220B890-3789-4573-97FB-4C46CD703374}.Release|Any CPU.ActiveCfg = Release|Any CPU
		{7220B890-3789-4573-97FB-4C46CD703374}.Release|Any CPU.Build.0 = Release|Any CPU
		{CE170110-F582-41A0-AFDA-FCDD893A20FF}.Debug|Any CPU.ActiveCfg = Debug|Any CPU
		{CE170110-F582-41A0-AFDA-FCDD893A20FF}.Debug|Any CPU.Build.0 = Debug|Any CPU
		{CE170110-F582-41A0-AFDA-FCDD893A20FF}.Release|Any CPU.ActiveCfg = Release|Any CPU
		{CE170110-F582-41A0-AFDA-FCDD893A20FF}.Release|Any CPU.Build.0 = Release|Any CPU
	EndGlobalSection
	GlobalSection(SolutionProperties) = preSolution
		HideSolutionNode = FALSE
	EndGlobalSection
	GlobalSection(ExtensibilityGlobals) = postSolution
		SolutionGuid = {FEE6C687-950C-4136-AD86-ECD944C1FC6C}
	EndGlobalSection
EndGlobal
